PODS:
  - AMCoreAudio (1.4.2)
  - LetsMove (1.18)
  - LVDebounce (0.0.4)
  - StartAtLoginController (0.0.1)

DEPENDENCIES:
  - AMCoreAudio (~> 1.4.2)
  - LetsMove (~> 1.9)
  - LVDebounce (~> 0.0.4)
  - StartAtLoginController (~> 0.0.1)

SPEC CHECKSUMS:
  AMCoreAudio: d90980c6f364bc156e83a8005429222a907f443b
  LetsMove: 0ab0d5d97180649c220a8eb12f9339a3f2b06e87
  LVDebounce: 697df869ab4b11a543844acab021def0e1364d83
  StartAtLoginController: 9b9f8153f5e38f67a2ebbc4a2ec2975d8ebd11c6

COCOAPODS: 0.35.0
