<?xml version="1.0" encoding="UTF-8"?>
<Scheme
   LastUpgradeVersion = "0610"
   version = "1.7">
   <BuildAction
      parallelizeBuildables = "YES"
      buildImplicitDependencies = "YES">
      <PreActions>
         <ExecutionAction
            ActionType = "Xcode.IDEStandardExecutionActionsCore.ExecutionActionType.ShellScriptAction">
            <ActionContent
               title = "Run Script"
               scriptText = "# Copy Info Plist from template&#10;OIFS=$IFS&#10;IFS=&quot;/&quot;&#10;arrIN=(${INFOPLIST_FILE})&#10;IFS=$OIFS&#10;&#10;pListName=${arrIN[${#arrIN[@]} - 1]}&#10;tmplPListName=${INFOPLIST_FILE/$pListName/Tmpl-$pListName}&#10;    &#10;echo Copying $SRCROOT/$tmplPListName into $SRCROOT/$INFOPLIST_FILE&#10;`cp &quot;$SRCROOT/$tmplPListName&quot; &quot;$SRCROOT/$INFOPLIST_FILE&quot;`&#10;"
               shellToInvoke = "/bin/bash">
               <EnvironmentBuildable>
                  <BuildableReference
                     BuildableIdentifier = "primary"
                     BlueprintIdentifier = "45FA5625166BC8C500C1D92D"
                     BuildableName = "AudioMate.app"
                     BlueprintName = "AudioMate"
                     ReferencedContainer = "container:AudioMate.xcodeproj">
                  </BuildableReference>
               </EnvironmentBuildable>
            </ActionContent>
         </ExecutionAction>
      </PreActions>
      <BuildActionEntries>
         <BuildActionEntry
            buildForTesting = "YES"
            buildForRunning = "YES"
            buildForProfiling = "YES"
            buildForArchiving = "YES"
            buildForAnalyzing = "YES">
            <BuildableReference
               BuildableIdentifier = "primary"
               BlueprintIdentifier = "45FA5625166BC8C500C1D92D"
               BuildableName = "AudioMate.app"
               BlueprintName = "AudioMate"
               ReferencedContainer = "container:AudioMate.xcodeproj">
            </BuildableReference>
         </BuildActionEntry>
      </BuildActionEntries>
   </BuildAction>
   <TestAction
      selectedDebuggerIdentifier = "Xcode.DebuggerFoundation.Debugger.LLDB"
      selectedLauncherIdentifier = "Xcode.DebuggerFoundation.Launcher.LLDB"
      shouldUseLaunchSchemeArgsEnv = "YES"
      buildConfiguration = "Debug">
      <Testables>
      </Testables>
      <MacroExpansion>
         <BuildableReference
            BuildableIdentifier = "primary"
            BlueprintIdentifier = "45FA5625166BC8C500C1D92D"
            BuildableName = "AudioMate.app"
            BlueprintName = "AudioMate"
            ReferencedContainer = "container:AudioMate.xcodeproj">
         </BuildableReference>
      </MacroExpansion>
   </TestAction>
   <LaunchAction
      selectedDebuggerIdentifier = "Xcode.DebuggerFoundation.Debugger.LLDB"
      selectedLauncherIdentifier = "Xcode.DebuggerFoundation.Launcher.LLDB"
      launchStyle = "0"
      useCustomWorkingDirectory = "NO"
      buildConfiguration = "Debug"
      ignoresPersistentStateOnLaunch = "NO"
      debugDocumentVersioning = "YES"
      allowLocationSimulation = "YES">
      <BuildableProductRunnable>
         <BuildableReference
            BuildableIdentifier = "primary"
            BlueprintIdentifier = "45FA5625166BC8C500C1D92D"
            BuildableName = "AudioMate.app"
            BlueprintName = "AudioMate"
            ReferencedContainer = "container:AudioMate.xcodeproj">
         </BuildableReference>
      </BuildableProductRunnable>
      <AdditionalOptions>
      </AdditionalOptions>
   </LaunchAction>
   <ProfileAction
      shouldUseLaunchSchemeArgsEnv = "YES"
      savedToolIdentifier = ""
      useCustomWorkingDirectory = "NO"
      buildConfiguration = "Release"
      debugDocumentVersioning = "YES">
      <BuildableProductRunnable>
         <BuildableReference
            BuildableIdentifier = "primary"
            BlueprintIdentifier = "45FA5625166BC8C500C1D92D"
            BuildableName = "AudioMate.app"
            BlueprintName = "AudioMate"
            ReferencedContainer = "container:AudioMate.xcodeproj">
         </BuildableReference>
      </BuildableProductRunnable>
   </ProfileAction>
   <AnalyzeAction
      buildConfiguration = "Debug">
   </AnalyzeAction>
   <ArchiveAction
      buildConfiguration = "Release"
      revealArchiveInOrganizer = "YES">
      <PostActions>
         <ExecutionAction
            ActionType = "Xcode.IDEStandardExecutionActionsCore.ExecutionActionType.ShellScriptAction">
            <ActionContent
               title = "Run Script"
               scriptText = "ruby $SRCROOT/Scripts/generate-dmg.rb">
               <EnvironmentBuildable>
                  <BuildableReference
                     BuildableIdentifier = "primary"
                     BlueprintIdentifier = "45FA5625166BC8C500C1D92D"
                     BuildableName = "AudioMate.app"
                     BlueprintName = "AudioMate"
                     ReferencedContainer = "container:AudioMate.xcodeproj">
                  </BuildableReference>
               </EnvironmentBuildable>
            </ActionContent>
         </ExecutionAction>
      </PostActions>
   </ArchiveAction>
</Scheme>
